// !$*UTF8*$!
{
	archiveVersion = 1;
	classes = {
	};
	objectVersion = 48;
	objects = {

/* Begin PBXBuildFile section */
		30065D4C20982FF20071A085 /* AppDelegate.m in Sources */ = {isa = PBXBuildFile; fileRef = 30065D4B20982FF20071A085 /* AppDelegate.m */; };
		30065D4F20982FF20071A085 /* RootViewController.m in Sources */ = {isa = PBXBuildFile; fileRef = 30065D4E20982FF20071A085 /* RootViewController.m */; };
		30065D5220982FF20071A085 /* Main.storyboard in Resources */ = {isa = PBXBuildFile; fileRef = 30065D5020982FF20071A085 /* Main.storyboard */; };
		30065D5420982FF20071A085 /* Assets.xcassets in Resources */ = {isa = PBXBuildFile; fileRef = 30065D5320982FF20071A085 /* Assets.xcassets */; };
		30065D5720982FF20071A085 /* LaunchScreen.storyboard in Resources */ = {isa = PBXBuildFile; fileRef = 30065D5520982FF20071A085 /* LaunchScreen.storyboard */; };
		30065D5A20982FF20071A085 /* main.m in Sources */ = {isa = PBXBuildFile; fileRef = 30065D5920982FF20071A085 /* main.m */; };
		30065D6420982FF20071A085 /* Personal_CapitalTests.m in Sources */ = {isa = PBXBuildFile; fileRef = 30065D6320982FF20071A085 /* Personal_CapitalTests.m */; };
		30065D70209833240071A085 /* RSSEntry.m in Sources */ = {isa = PBXBuildFile; fileRef = 30065D6F209833240071A085 /* RSSEntry.m */; };
		30065D7A209928D00071A085 /* RSSParser.m in Sources */ = {isa = PBXBuildFile; fileRef = 30065D79209928D00071A085 /* RSSParser.m */; };
		3071909A209BA0C700C8ADE7 /* Cell.m in Sources */ = {isa = PBXBuildFile; fileRef = 30719099209BA0C700C8ADE7 /* Cell.m */; };
		307190A1209C25CF00C8ADE7 /* HeaderView.m in Sources */ = {isa = PBXBuildFile; fileRef = 307190A0209C25CF00C8ADE7 /* HeaderView.m */; };
		307190A4209C435300C8ADE7 /* ArticleViewController.m in Sources */ = {isa = PBXBuildFile; fileRef = 307190A3209C435300C8ADE7 /* ArticleViewController.m */; };
/* End PBXBuildFile section */

/* Begin PBXContainerItemProxy section */
		30065D6020982FF20071A085 /* PBXContainerItemProxy */ = {
			isa = PBXContainerItemProxy;
			containerPortal = 30065D3F20982FF20071A085 /* Project object */;
			proxyType = 1;
			remoteGlobalIDString = 30065D4620982FF20071A085;
			remoteInfo = "Personal Capital";
		};
/* End PBXContainerItemProxy section */

/* Begin PBXFileReference section */
		30065D4720982FF20071A085 /* Personal Capital.app */ = {isa = PBXFileReference; explicitFileType = wrapper.application; includeInIndex = 0; path = "Personal Capital.app"; sourceTree = BUILT_PRODUCTS_DIR; };
		30065D4A20982FF20071A085 /* AppDelegate.h */ = {isa = PBXFileReference; lastKnownFileType = sourcecode.c.h; path = AppDelegate.h; sourceTree = "<group>"; };
		30065D4B20982FF20071A085 /* AppDelegate.m */ = {isa = PBXFileReference; lastKnownFileType = sourcecode.c.objc; path = AppDelegate.m; sourceTree = "<group>"; };
		30065D4D20982FF20071A085 /* RootViewController.h */ = {isa = PBXFileReference; lastKnownFileType = sourcecode.c.h; path = RootViewController.h; sourceTree = "<group>"; };
		30065D4E20982FF20071A085 /* RootViewController.m */ = {isa = PBXFileReference; lastKnownFileType = sourcecode.c.objc; path = RootViewController.m; sourceTree = "<group>"; };
		30065D5120982FF20071A085 /* Base */ = {isa = PBXFileReference; lastKnownFileType = file.storyboard; name = Base; path = Base.lproj/Main.storyboard; sourceTree = "<group>"; };
		30065D5320982FF20071A085 /* Assets.xcassets */ = {isa = PBXFileReference; lastKnownFileType = folder.assetcatalog; path = Assets.xcassets; sourceTree = "<group>"; };
		30065D5620982FF20071A085 /* Base */ = {isa = PBXFileReference; lastKnownFileType = file.storyboard; name = Base; path = Base.lproj/LaunchScreen.storyboard; sourceTree = "<group>"; };
		30065D5820982FF20071A085 /* Info.plist */ = {isa = PBXFileReference; lastKnownFileType = text.plist.xml; path = Info.plist; sourceTree = "<group>"; };
		30065D5920982FF20071A085 /* main.m */ = {isa = PBXFileReference; lastKnownFileType = sourcecode.c.objc; path = main.m; sourceTree = "<group>"; };
		30065D5F20982FF20071A085 /* Personal CapitalTests.xctest */ = {isa = PBXFileReference; explicitFileType = wrapper.cfbundle; includeInIndex = 0; path = "Personal CapitalTests.xctest"; sourceTree = BUILT_PRODUCTS_DIR; };
		30065D6320982FF20071A085 /* Personal_CapitalTests.m */ = {isa = PBXFileReference; lastKnownFileType = sourcecode.c.objc; path = Personal_CapitalTests.m; sourceTree = "<group>"; };
		30065D6520982FF20071A085 /* Info.plist */ = {isa = PBXFileReference; lastKnownFileType = text.plist.xml; path = Info.plist; sourceTree = "<group>"; };
		30065D6E209833240071A085 /* RSSEntry.h */ = {isa = PBXFileReference; lastKnownFileType = sourcecode.c.h; path = RSSEntry.h; sourceTree = "<group>"; };
		30065D6F209833240071A085 /* RSSEntry.m */ = {isa = PBXFileReference; lastKnownFileType = sourcecode.c.objc; path = RSSEntry.m; sourceTree = "<group>"; };
		30065D78209928D00071A085 /* RSSParser.h */ = {isa = PBXFileReference; lastKnownFileType = sourcecode.c.h; path = RSSParser.h; sourceTree = "<group>"; };
		30065D79209928D00071A085 /* RSSParser.m */ = {isa = PBXFileReference; lastKnownFileType = sourcecode.c.objc; path = RSSParser.m; sourceTree = "<group>"; };
		30719098209BA0C700C8ADE7 /* Cell.h */ = {isa = PBXFileReference; lastKnownFileType = sourcecode.c.h; path = Cell.h; sourceTree = "<group>"; };
		30719099209BA0C700C8ADE7 /* Cell.m */ = {isa = PBXFileReference; lastKnownFileType = sourcecode.c.objc; path = Cell.m; sourceTree = "<group>"; };
		3071909F209C25CF00C8ADE7 /* HeaderView.h */ = {isa = PBXFileReference; lastKnownFileType = sourcecode.c.h; path = HeaderView.h; sourceTree = "<group>"; };
		307190A0209C25CF00C8ADE7 /* HeaderView.m */ = {isa = PBXFileReference; lastKnownFileType = sourcecode.c.objc; path = HeaderView.m; sourceTree = "<group>"; };
		307190A2209C435300C8ADE7 /* ArticleViewController.h */ = {isa = PBXFileReference; lastKnownFileType = sourcecode.c.h; path = ArticleViewController.h; sourceTree = "<group>"; };
		307190A3209C435300C8ADE7 /* ArticleViewController.m */ = {isa = PBXFileReference; lastKnownFileType = sourcecode.c.objc; path = ArticleViewController.m; sourceTree = "<group>"; };
/* End PBXFileReference section */

/* Begin PBXFrameworksBuildPhase section */
		30065D4420982FF20071A085 /* Frameworks */ = {
			isa = PBXFrameworksBuildPhase;
			buildActionMask = 2147483647;
			files = (
			);
			runOnlyForDeploymentPostprocessing = 0;
		};
		30065D5C20982FF20071A085 /* Frameworks */ = {
			isa = PBXFrameworksBuildPhase;
			buildActionMask = 2147483647;
			files = (
			);
			runOnlyForDeploymentPostprocessing = 0;
		};
/* End PBXFrameworksBuildPhase section */

/* Begin PBXGroup section */
		30065D3E20982FF20071A085 = {
			isa = PBXGroup;
			children = (
				30065D4920982FF20071A085 /* Personal Capital */,
				30065D6220982FF20071A085 /* Personal CapitalTests */,
				30065D4820982FF20071A085 /* Products */,
			);
			sourceTree = "<group>";
		};
		30065D4820982FF20071A085 /* Products */ = {
			isa = PBXGroup;
			children = (
				30065D4720982FF20071A085 /* Personal Capital.app */,
				30065D5F20982FF20071A085 /* Personal CapitalTests.xctest */,
			);
			name = Products;
			sourceTree = "<group>";
		};
		30065D4920982FF20071A085 /* Personal Capital */ = {
			isa = PBXGroup;
			children = (
				30065D4A20982FF20071A085 /* AppDelegate.h */,
				30065D4B20982FF20071A085 /* AppDelegate.m */,
				3071909E209BB20900C8ADE7 /* Views */,
				30065D7120990FE00071A085 /* Models */,
				30065D74209910480071A085 /* Helpers */,
				30065D4D20982FF20071A085 /* RootViewController.h */,
				30065D4E20982FF20071A085 /* RootViewController.m */,
				307190A2209C435300C8ADE7 /* ArticleViewController.h */,
				307190A3209C435300C8ADE7 /* ArticleViewController.m */,
				30065D5820982FF20071A085 /* Info.plist */,
				30065D7220990FF40071A085 /* Storyboards */,
				30065D73209910090071A085 /* SupportFiles */,
			);
			path = "Personal Capital";
			sourceTree = "<group>";
		};
		30065D6220982FF20071A085 /* Personal CapitalTests */ = {
			isa = PBXGroup;
			children = (
				30065D6320982FF20071A085 /* Personal_CapitalTests.m */,
				30065D6520982FF20071A085 /* Info.plist */,
			);
			path = "Personal CapitalTests";
			sourceTree = "<group>";
		};
		30065D7120990FE00071A085 /* Models */ = {
			isa = PBXGroup;
			children = (
				30065D6E209833240071A085 /* RSSEntry.h */,
				30065D6F209833240071A085 /* RSSEntry.m */,
			);
			path = Models;
			sourceTree = "<group>";
		};
		30065D7220990FF40071A085 /* Storyboards */ = {
			isa = PBXGroup;
			children = (
				30065D5520982FF20071A085 /* LaunchScreen.storyboard */,
				30065D5020982FF20071A085 /* Main.storyboard */,
			);
			path = Storyboards;
			sourceTree = "<group>";
		};
		30065D73209910090071A085 /* SupportFiles */ = {
			isa = PBXGroup;
			children = (
				30065D5920982FF20071A085 /* main.m */,
				30065D5320982FF20071A085 /* Assets.xcassets */,
			);
			path = SupportFiles;
			sourceTree = "<group>";
		};
		30065D74209910480071A085 /* Helpers */ = {
			isa = PBXGroup;
			children = (
				30065D78209928D00071A085 /* RSSParser.h */,
				30065D79209928D00071A085 /* RSSParser.m */,
			);
			path = Helpers;
			sourceTree = "<group>";
		};
		3071909E209BB20900C8ADE7 /* Views */ = {
			isa = PBXGroup;
			children = (
				30719098209BA0C700C8ADE7 /* Cell.h */,
				30719099209BA0C700C8ADE7 /* Cell.m */,
				3071909F209C25CF00C8ADE7 /* HeaderView.h */,
				307190A0209C25CF00C8ADE7 /* HeaderView.m */,
			);
			path = Views;
			sourceTree = "<group>";
		};
/* End PBXGroup section */

/* Begin PBXNativeTarget section */
		30065D4620982FF20071A085 /* Personal Capital */ = {
			isa = PBXNativeTarget;
			buildConfigurationList = 30065D6820982FF20071A085 /* Build configuration list for PBXNativeTarget "Personal Capital" */;
			buildPhases = (
				30065D4320982FF20071A085 /* Sources */,
				30065D4420982FF20071A085 /* Frameworks */,
				30065D4520982FF20071A085 /* Resources */,
			);
			buildRules = (
			);
			dependencies = (
			);
			name = "Personal Capital";
			productName = "Personal Capital";
			productReference = 30065D4720982FF20071A085 /* Personal Capital.app */;
			productType = "com.apple.product-type.application";
		};
		30065D5E20982FF20071A085 /* Personal CapitalTests */ = {
			isa = PBXNativeTarget;
			buildConfigurationList = 30065D6B20982FF20071A085 /* Build configuration list for PBXNativeTarget "Personal CapitalTests" */;
			buildPhases = (
				30065D5B20982FF20071A085 /* Sources */,
				30065D5C20982FF20071A085 /* Frameworks */,
				30065D5D20982FF20071A085 /* Resources */,
			);
			buildRules = (
			);
			dependencies = (
				30065D6120982FF20071A085 /* PBXTargetDependency */,
			);
			name = "Personal CapitalTests";
			productName = "Personal CapitalTests";
			productReference = 30065D5F20982FF20071A085 /* Personal CapitalTests.xctest */;
			productType = "com.apple.product-type.bundle.unit-test";
		};
/* End PBXNativeTarget section */

/* Begin PBXProject section */
		30065D3F20982FF20071A085 /* Project object */ = {
			isa = PBXProject;
			attributes = {
				LastUpgradeCheck = 0910;
				ORGANIZATIONNAME = PC;
				TargetAttributes = {
					30065D4620982FF20071A085 = {
						CreatedOnToolsVersion = 9.1;
						ProvisioningStyle = Automatic;
					};
					30065D5E20982FF20071A085 = {
						CreatedOnToolsVersion = 9.1;
						ProvisioningStyle = Automatic;
						TestTargetID = 30065D4620982FF20071A085;
					};
				};
			};
			buildConfigurationList = 30065D4220982FF20071A085 /* Build configuration list for PBXProject "Personal Capital" */;
			compatibilityVersion = "Xcode 8.0";
			developmentRegion = en;
			hasScannedForEncodings = 0;
			knownRegions = (
				en,
				Base,
			);
			mainGroup = 30065D3E20982FF20071A085;
			productRefGroup = 30065D4820982FF20071A085 /* Products */;
			projectDirPath = "";
			projectRoot = "";
			targets = (
				30065D4620982FF20071A085 /* Personal Capital */,
				30065D5E20982FF20071A085 /* Personal CapitalTests */,
			);
		};
/* End PBXProject section */

/* Begin PBXResourcesBuildPhase section */
		30065D4520982FF20071A085 /* Resources */ = {
			isa = PBXResourcesBuildPhase;
			buildActionMask = 2147483647;
			files = (
				30065D5720982FF20071A085 /* LaunchScreen.storyboard in Resources */,
				30065D5420982FF20071A085 /* Assets.xcassets in Resources */,
				30065D5220982FF20071A085 /* Main.storyboard in Resources */,
			);
			runOnlyForDeploymentPostprocessing = 0;
		};
		30065D5D20982FF20071A085 /* Resources */ = {
			isa = PBXResourcesBuildPhase;
			buildActionMask = 2147483647;
			files = (
			);
			runOnlyForDeploymentPostprocessing = 0;
		};
/* End PBXResourcesBuildPhase section */

/* Begin PBXSourcesBuildPhase section */
		30065D4320982FF20071A085 /* Sources */ = {
			isa = PBXSourcesBuildPhase;
			buildActionMask = 2147483647;
			files = (
				307190A1209C25CF00C8ADE7 /* HeaderView.m in Sources */,
				30065D4F20982FF20071A085 /* RootViewController.m in Sources */,
				30065D5A20982FF20071A085 /* main.m in Sources */,
				30065D7A209928D00071A085 /* RSSParser.m in Sources */,
				30065D4C20982FF20071A085 /* AppDelegate.m in Sources */,
				307190A4209C435300C8ADE7 /* ArticleViewController.m in Sources */,
				30065D70209833240071A085 /* RSSEntry.m in Sources */,
				3071909A209BA0C700C8ADE7 /* Cell.m in Sources */,
			);
			runOnlyForDeploymentPostprocessing = 0;
		};
		30065D5B20982FF20071A085 /* Sources */ = {
			isa = PBXSourcesBuildPhase;
			buildActionMask = 2147483647;
			files = (
				30065D6420982FF20071A085 /* Personal_CapitalTests.m in Sources */,
			);
			runOnlyForDeploymentPostprocessing = 0;
		};
/* End PBXSourcesBuildPhase section */

/* Begin PBXTargetDependency section */
		30065D6120982FF20071A085 /* PBXTargetDependency */ = {
			isa = PBXTargetDependency;
			target = 30065D4620982FF20071A085 /* Personal Capital */;
			targetProxy = 30065D6020982FF20071A085 /* PBXContainerItemProxy */;
		};
/* End PBXTargetDependency section */

/* Begin PBXVariantGroup section */
		30065D5020982FF20071A085 /* Main.storyboard */ = {
			isa = PBXVariantGroup;
			children = (
				30065D5120982FF20071A085 /* Base */,
			);
			name = Main.storyboard;
			sourceTree = "<group>";
		};
		30065D5520982FF20071A085 /* LaunchScreen.storyboard */ = {
			isa = PBXVariantGroup;
			children = (
				30065D5620982FF20071A085 /* Base */,
			);
			name = LaunchScreen.storyboard;
			sourceTree = "<group>";
		};
/* End PBXVariantGroup section */

/* Begin XCBuildConfiguration section */
		30065D6620982FF20071A085 /* Debug */ = {
			isa = XCBuildConfiguration;
			buildSettings = {
				ALWAYS_SEARCH_USER_PATHS = NO;
				CLANG_ANALYZER_NONNULL = YES;
				CLANG_ANALYZER_NUMBER_OBJECT_CONVERSION = YES_AGGRESSIVE;
				CLANG_CXX_LANGUAGE_STANDARD = "gnu++14";
				CLANG_CXX_LIBRARY = "libc++";
				CLANG_ENABLE_MODULES = YES;
				CLANG_ENABLE_OBJC_ARC = YES;
				CLANG_WARN_BLOCK_CAPTURE_AUTORELEASING = YES;
				CLANG_WARN_BOOL_CONVERSION = YES;
				CLANG_WARN_COMMA = YES;
				CLANG_WARN_CONSTANT_CONVERSION = YES;
				CLANG_WARN_DIRECT_OBJC_ISA_USAGE = YES_ERROR;
				CLANG_WARN_DOCUMENTATION_COMMENTS = YES;
				CLANG_WARN_EMPTY_BODY = YES;
				CLANG_WARN_ENUM_CONVERSION = YES;
				CLANG_WARN_INFINITE_RECURSION = YES;
				CLANG_WARN_INT_CONVERSION = YES;
				CLANG_WARN_NON_LITERAL_NULL_CONVERSION = YES;
				CLANG_WARN_OBJC_LITERAL_CONVERSION = YES;
				CLANG_WARN_OBJC_ROOT_CLASS = YES_ERROR;
				CLANG_WARN_RANGE_LOOP_ANALYSIS = YES;
				CLANG_WARN_STRICT_PROTOTYPES = YES;
				CLANG_WARN_SUSPICIOUS_MOVE = YES;
				CLANG_WARN_UNGUARDED_AVAILABILITY = YES_AGGRESSIVE;
				CLANG_WARN_UNREACHABLE_CODE = YES;
				CLANG_WARN__DUPLICATE_METHOD_MATCH = YES;
				CODE_SIGN_IDENTITY = "iPhone Developer";
				COPY_PHASE_STRIP = NO;
				DEBUG_INFORMATION_FORMAT = dwarf;
				ENABLE_STRICT_OBJC_MSGSEND = YES;
				ENABLE_TESTABILITY = YES;
				GCC_C_LANGUAGE_STANDARD = gnu11;
				GCC_DYNAMIC_NO_PIC = NO;
				GCC_NO_COMMON_BLOCKS = YES;
				GCC_OPTIMIZATION_LEVEL = 0;
				GCC_PREPROCESSOR_DEFINITIONS = (
					"DEBUG=1",
					"$(inherited)",
				);
				GCC_WARN_64_TO_32_BIT_CONVERSION = YES;
				GCC_WARN_ABOUT_RETURN_TYPE = YES_ERROR;
				GCC_WARN_UNDECLARED_SELECTOR = YES;
				GCC_WARN_UNINITIALIZED_AUTOS = YES_AGGRESSIVE;
				GCC_WARN_UNUSED_FUNCTION = YES;
				GCC_WARN_UNUSED_VARIABLE = YES;
				IPHONEOS_DEPLOYMENT_TARGET = 11.1;
				MTL_ENABLE_DEBUG_INFO = YES;
				ONLY_ACTIVE_ARCH = YES;
				SDKROOT = iphoneos;
			};
			name = Debug;
		};
		30065D6720982FF20071A085 /* Release */ = {
			isa = XCBuildConfiguration;
			buildSettings = {
				ALWAYS_SEARCH_USER_PATHS = NO;
				CLANG_ANALYZER_NONNULL = YES;
				CLANG_ANALYZER_NUMBER_OBJECT_CONVERSION = YES_AGGRESSIVE;
				CLANG_CXX_LANGUAGE_STANDARD = "gnu++14";
				CLANG_CXX_LIBRARY = "libc++";
				CLANG_ENABLE_MODULES = YES;
				CLANG_ENABLE_OBJC_ARC = YES;
				CLANG_WARN_BLOCK_CAPTURE_AUTORELEASING = YES;
				CLANG_WARN_BOOL_CONVERSION = YES;
				CLANG_WARN_COMMA = YES;
				CLANG_WARN_CONSTANT_CONVERSION = YES;
				CLANG_WARN_DIRECT_OBJC_ISA_USAGE = YES_ERROR;
				CLANG_WARN_DOCUMENTATION_COMMENTS = YES;
				CLANG_WARN_EMPTY_BODY = YES;
				CLANG_WARN_ENUM_CONVERSION = YES;
				CLANG_WARN_INFINITE_RECURSION = YES;
				CLANG_WARN_INT_CONVERSION = YES;
				CLANG_WARN_NON_LITERAL_NULL_CONVERSION = YES;
				CLANG_WARN_OBJC_LITERAL_CONVERSION = YES;
				CLANG_WARN_OBJC_ROOT_CLASS = YES_ERROR;
				CLANG_WARN_RANGE_LOOP_ANALYSIS = YES;
				CLANG_WARN_STRICT_PROTOTYPES = YES;
				CLANG_WARN_SUSPICIOUS_MOVE = YES;
				CLANG_WARN_UNGUARDED_AVAILABILITY = YES_AGGRESSIVE;
				CLANG_WARN_UNREACHABLE_CODE = YES;
				CLANG_WARN__DUPLICATE_METHOD_MATCH = YES;
				CODE_SIGN_IDENTITY = "iPhone Developer";
				COPY_PHASE_STRIP = NO;
				DEBUG_INFORMATION_FORMAT = "dwarf-with-dsym";
				ENABLE_NS_ASSERTIONS = NO;
				ENABLE_STRICT_OBJC_MSGSEND = YES;
				GCC_C_LANGUAGE_STANDARD = gnu11;
				GCC_NO_COMMON_BLOCKS = YES;
				GCC_WARN_64_TO_32_BIT_CONVERSION = YES;
				GCC_WARN_ABOUT_RETURN_TYPE = YES_ERROR;
				GCC_WARN_UNDECLARED_SELECTOR = YES;
				GCC_WARN_UNINITIALIZED_AUTOS = YES_AGGRESSIVE;
				GCC_WARN_UNUSED_FUNCTION = YES;
				GCC_WARN_UNUSED_VARIABLE = YES;
				IPHONEOS_DEPLOYMENT_TARGET = 11.1;
				MTL_ENABLE_DEBUG_INFO = NO;
				SDKROOT = iphoneos;
				VALIDATE_PRODUCT = YES;
			};
			name = Release;
		};
		30065D6920982FF20071A085 /* Debug */ = {
			isa = XCBuildConfiguration;
			buildSettings = {
				ASSETCATALOG_COMPILER_APPICON_NAME = AppIcon;
				CODE_SIGN_STYLE = Automatic;
				DEVELOPMENT_TEAM = 3E675AZCJ7;
				INFOPLIST_FILE = "Personal Capital/Info.plist";
				LD_RUNPATH_SEARCH_PATHS = "$(inherited) @executable_path/Frameworks";
				PRODUCT_BUNDLE_IDENTIFIER = "com.masih.Personal-Capital";
				PRODUCT_NAME = "$(TARGET_NAME)";
				TARGETED_DEVICE_FAMILY = "1,2";
			};
			name = Debug;
		};
		30065D6A20982FF20071A085 /* Release */ = {
			isa = XCBuildConfiguration;
			buildSettings = {
				ASSETCATALOG_COMPILER_APPICON_NAME = AppIcon;
				CODE_SIGN_STYLE = Automatic;
				DEVELOPMENT_TEAM = 3E675AZCJ7;
				INFOPLIST_FILE = "Personal Capital/Info.plist";
				LD_RUNPATH_SEARCH_PATHS = "$(inherited) @executable_path/Frameworks";
				PRODUCT_BUNDLE_IDENTIFIER = "com.masih.Personal-Capital";
				PRODUCT_NAME = "$(TARGET_NAME)";
				TARGETED_DEVICE_FAMILY = "1,2";
			};
			name = Release;
		};
		30065D6C20982FF20071A085 /* Debug */ = {
			isa = XCBuildConfiguration;
			buildSettings = {
				BUNDLE_LOADER = "$(TEST_HOST)";
				CODE_SIGN_STYLE = Automatic;
				INFOPLIST_FILE = "Personal CapitalTests/Info.plist";
				LD_RUNPATH_SEARCH_PATHS = "$(inherited) @executable_path/Frameworks @loader_path/Frameworks";
				PRODUCT_BUNDLE_IDENTIFIER = "com.masih.Personal-CapitalTests";
				PRODUCT_NAME = "$(TARGET_NAME)";
				TARGETED_DEVICE_FAMILY = "1,2";
				TEST_HOST = "$(BUILT_PRODUCTS_DIR)/Personal Capital.app/Personal Capital";
			};
			name = Debug;
		};
		30065D6D20982FF20071A085 /* Release */ = {
			isa = XCBuildConfiguration;
			buildSettings = {
				BUNDLE_LOADER = "$(TEST_HOST)";
				CODE_SIGN_STYLE = Automatic;
				INFOPLIST_FILE = "Personal CapitalTests/Info.plist";
				LD_RUNPATH_SEARCH_PATHS = "$(inherited) @executable_path/Frameworks @loader_path/Frameworks";
				PRODUCT_BUNDLE_IDENTIFIER = "com.masih.Personal-CapitalTests";
				PRODUCT_NAME = "$(TARGET_NAME)";
				TARGETED_DEVICE_FAMILY = "1,2";
				TEST_HOST = "$(BUILT_PRODUCTS_DIR)/Personal Capital.app/Personal Capital";
			};
			name = Release;
		};
/* End XCBuildConfiguration section */

/* Begin XCConfigurationList section */
		30065D4220982FF20071A085 /* Build configuration list for PBXProject "Personal Capital" */ = {
			isa = XCConfigurationList;
			buildConfigurations = (
				30065D6620982FF20071A085 /* Debug */,
				30065D6720982FF20071A085 /* Release */,
			);
			defaultConfigurationIsVisible = 0;
			defaultConfigurationName = Release;
		};
		30065D6820982FF20071A085 /* Build configuration list for PBXNativeTarget "Personal Capital" */ = {
			isa = XCConfigurationList;
			buildConfigurations = (
				30065D6920982FF20071A085 /* Debug */,
				30065D6A20982FF20071A085 /* Release */,
			);
			defaultConfigurationIsVisible = 0;
			defaultConfigurationName = Release;
		};
		30065D6B20982FF20071A085 /* Build configuration list for PBXNativeTarget "Personal CapitalTests" */ = {
			isa = XCConfigurationList;
			buildConfigurations = (
				30065D6C20982FF20071A085 /* Debug */,
				30065D6D20982FF20071A085 /* Release */,
			);
			defaultConfigurationIsVisible = 0;
			defaultConfigurationName = Release;
		};
/* End XCConfigurationList section */
	};
	rootObject = 30065D3F20982FF20071A085 /* Project object */;
}
